// !$*UTF8*$!
{
	archiveVersion = 1;
	classes = {
	};
	objectVersion = 46;
	objects = {

/* Begin PBXBuildFile section */
		02652E3B189FECF3003C9868 /* ColorBuffer.cpp in Sources */ = {isa = PBXBuildFile; fileRef = 02652E39189FECF3003C9868 /* ColorBuffer.cpp */; };
		027ACB2D189FEE5000B52103 /* GBuffer.cpp in Sources */ = {isa = PBXBuildFile; fileRef = 027ACB2B189FEE5000B52103 /* GBuffer.cpp */; };
		029D103E18A25B84009BC5DE /* perspective_passthrough.vs in Sources */ = {isa = PBXBuildFile; fileRef = 029D103D18A25B84009BC5DE /* perspective_passthrough.vs */; };
		029D104018A25B92009BC5DE /* perspective_passthrough.fs in Sources */ = {isa = PBXBuildFile; fileRef = 029D103F18A25B92009BC5DE /* perspective_passthrough.fs */; };
		029D104318A25BD7009BC5DE /* PerspectivePassthroughShader.cpp in Sources */ = {isa = PBXBuildFile; fileRef = 029D104118A25BD7009BC5DE /* PerspectivePassthroughShader.cpp */; };
		029D104618A26248009BC5DE /* DeferredLightingPass.cpp in Sources */ = {isa = PBXBuildFile; fileRef = 029D104418A26248009BC5DE /* DeferredLightingPass.cpp */; };
		02A467A218A3E712002B4164 /* Light.cpp in Sources */ = {isa = PBXBuildFile; fileRef = 02A467A018A3E712002B4164 /* Light.cpp */; };
		02C8ACE8189FAE67002DC3C6 /* MeshLoader.cpp in Sources */ = {isa = PBXBuildFile; fileRef = 02C8ACE7189FAE67002DC3C6 /* MeshLoader.cpp */; };
		02C8ACEC189FD501002DC3C6 /* PassthroughShader.cpp in Sources */ = {isa = PBXBuildFile; fileRef = 02C8ACEB189FD501002DC3C6 /* PassthroughShader.cpp */; };
		02C9108F18A10ED7004A6C91 /* DepthAttachment.cpp in Sources */ = {isa = PBXBuildFile; fileRef = 02C9108D18A10ED7004A6C91 /* DepthAttachment.cpp */; };
		02CB52C918A12F6600083115 /* ColorAttachment.cpp in Sources */ = {isa = PBXBuildFile; fileRef = 02CB52C718A12F6600083115 /* ColorAttachment.cpp */; };
		02CB52CD18A24A1E00083115 /* DepthBuffer.cpp in Sources */ = {isa = PBXBuildFile; fileRef = 02CB52CB18A24A1E00083115 /* DepthBuffer.cpp */; };
		02CB52D018A2564800083115 /* DepthPass.cpp in Sources */ = {isa = PBXBuildFile; fileRef = 02CB52CE18A2564800083115 /* DepthPass.cpp */; };
		02CEA18C18A2C80300D026F8 /* ShadowPass.cpp in Sources */ = {isa = PBXBuildFile; fileRef = 02CEA18A18A2C80300D026F8 /* ShadowPass.cpp */; };
		02D0DDB6189DB42F00CC1BE6 /* deferred_phong.fs in Sources */ = {isa = PBXBuildFile; fileRef = 02D0DDB5189DB42F00CC1BE6 /* deferred_phong.fs */; };
		02D0DDB9189DB53100CC1BE6 /* DeferredPhongShader.cpp in Sources */ = {isa = PBXBuildFile; fileRef = 02D0DDB8189DB53100CC1BE6 /* DeferredPhongShader.cpp */; };
		02DB27FE189B2CCC0055B56F /* GLModelViewer.1 in CopyFiles */ = {isa = PBXBuildFile; fileRef = 02DB27FD189B2CCC0055B56F /* GLModelViewer.1 */; };
		02DB2922189B2CE10055B56F /* blur_shader.fs in Sources */ = {isa = PBXBuildFile; fileRef = 02DB2804189B2CE00055B56F /* blur_shader.fs */; };
		02DB2923189B2CE10055B56F /* BlurShader.cpp in Sources */ = {isa = PBXBuildFile; fileRef = 02DB2805189B2CE00055B56F /* BlurShader.cpp */; };
		02DB2924189B2CE10055B56F /* FrameBuffer.cpp in Sources */ = {isa = PBXBuildFile; fileRef = 02DB2808189B2CE00055B56F /* FrameBuffer.cpp */; };
		02DB2927189B2CE10055B56F /* main.cpp in Sources */ = {isa = PBXBuildFile; fileRef = 02DB290A189B2CE10055B56F /* main.cpp */; };
		02DB2928189B2CE10055B56F /* Mesh.cpp in Sources */ = {isa = PBXBuildFile; fileRef = 02DB290C189B2CE10055B56F /* Mesh.cpp */; };
		02DB2929189B2CE10055B56F /* OFFReader.cpp in Sources */ = {isa = PBXBuildFile; fileRef = 02DB290F189B2CE10055B56F /* OFFReader.cpp */; };
		02DB292A189B2CE10055B56F /* passthrough.vs in Sources */ = {isa = PBXBuildFile; fileRef = 02DB2911189B2CE10055B56F /* passthrough.vs */; };
		02DB292B189B2CE10055B56F /* SceneNode.cpp in Sources */ = {isa = PBXBuildFile; fileRef = 02DB2912189B2CE10055B56F /* SceneNode.cpp */; };
		02DB292C189B2CE10055B56F /* SceneRenderer.cpp in Sources */ = {isa = PBXBuildFile; fileRef = 02DB2914189B2CE10055B56F /* SceneRenderer.cpp */; };
		02DB292D189B2CE10055B56F /* Shader.cpp in Sources */ = {isa = PBXBuildFile; fileRef = 02DB2916189B2CE10055B56F /* Shader.cpp */; };
		02DB292E189B2CE10055B56F /* ShaderLoader.cpp in Sources */ = {isa = PBXBuildFile; fileRef = 02DB2918189B2CE10055B56F /* ShaderLoader.cpp */; };
		02DB292F189B2CE10055B56F /* phong_shader.fs in Sources */ = {isa = PBXBuildFile; fileRef = 02DB291A189B2CE10055B56F /* phong_shader.fs */; };
		02DB2930189B2CE10055B56F /* phong_shader.vs in Sources */ = {isa = PBXBuildFile; fileRef = 02DB291B189B2CE10055B56F /* phong_shader.vs */; };
		02DB2932189B2CE10055B56F /* PhongShader.cpp in Sources */ = {isa = PBXBuildFile; fileRef = 02DB291E189B2CE10055B56F /* PhongShader.cpp */; };
		02DB2933189B2CE10055B56F /* UnitQuad.cpp in Sources */ = {isa = PBXBuildFile; fileRef = 02DB2920189B2CE10055B56F /* UnitQuad.cpp */; };
		02DB2935189B2F2E0055B56F /* OpenGL.framework in Frameworks */ = {isa = PBXBuildFile; fileRef = 02DB2934189B2F2E0055B56F /* OpenGL.framework */; };
		02DB2937189B2F510055B56F /* libglfw3.3.0.dylib in Frameworks */ = {isa = PBXBuildFile; fileRef = 02DB2936189B2F510055B56F /* libglfw3.3.0.dylib */; };
		02DB2939189B2F650055B56F /* libGLEW.1.10.0.dylib in Frameworks */ = {isa = PBXBuildFile; fileRef = 02DB2938189B2F650055B56F /* libGLEW.1.10.0.dylib */; };
		02DB293E189BBB0E0055B56F /* BlurPass.cpp in Sources */ = {isa = PBXBuildFile; fileRef = 02DB293D189BBB0E0055B56F /* BlurPass.cpp */; };
		02DB2945189C5CC40055B56F /* geometry.vs in Sources */ = {isa = PBXBuildFile; fileRef = 02DB2944189C5CC40055B56F /* geometry.vs */; };
		02DB2947189C5CD30055B56F /* geometry.fs in Sources */ = {isa = PBXBuildFile; fileRef = 02DB2946189C5CD30055B56F /* geometry.fs */; };
		02DB294A189C64130055B56F /* GeometryShader.cpp in Sources */ = {isa = PBXBuildFile; fileRef = 02DB2949189C64130055B56F /* GeometryShader.cpp */; };
		02DB294D189D283F0055B56F /* GeometryPass.cpp in Sources */ = {isa = PBXBuildFile; fileRef = 02DB294C189D283F0055B56F /* GeometryPass.cpp */; };
/* End PBXBuildFile section */

/* Begin PBXCopyFilesBuildPhase section */
		02DB27F6189B2CCC0055B56F /* CopyFiles */ = {
			isa = PBXCopyFilesBuildPhase;
			buildActionMask = 2147483647;
			dstPath = /usr/share/man/man1/;
			dstSubfolderSpec = 0;
			files = (
				02DB27FE189B2CCC0055B56F /* GLModelViewer.1 in CopyFiles */,
			);
			runOnlyForDeploymentPostprocessing = 1;
		};
/* End PBXCopyFilesBuildPhase section */

/* Begin PBXFileReference section */
		02652E39189FECF3003C9868 /* ColorBuffer.cpp */ = {isa = PBXFileReference; fileEncoding = 4; lastKnownFileType = sourcecode.cpp.cpp; path = ColorBuffer.cpp; sourceTree = "<group>"; };
		02652E3A189FECF3003C9868 /* ColorBuffer.h */ = {isa = PBXFileReference; fileEncoding = 4; lastKnownFileType = sourcecode.c.h; path = ColorBuffer.h; sourceTree = "<group>"; };
		027ACB2B189FEE5000B52103 /* GBuffer.cpp */ = {isa = PBXFileReference; fileEncoding = 4; lastKnownFileType = sourcecode.cpp.cpp; path = GBuffer.cpp; sourceTree = "<group>"; };
		027ACB2C189FEE5000B52103 /* GBuffer.h */ = {isa = PBXFileReference; fileEncoding = 4; lastKnownFileType = sourcecode.c.h; path = GBuffer.h; sourceTree = "<group>"; };
		029D103D18A25B84009BC5DE /* perspective_passthrough.vs */ = {isa = PBXFileReference; fileEncoding = 4; lastKnownFileType = sourcecode.glsl; path = perspective_passthrough.vs; sourceTree = "<group>"; };
		029D103F18A25B92009BC5DE /* perspective_passthrough.fs */ = {isa = PBXFileReference; fileEncoding = 4; lastKnownFileType = sourcecode.glsl; path = perspective_passthrough.fs; sourceTree = "<group>"; };
		029D104118A25BD7009BC5DE /* PerspectivePassthroughShader.cpp */ = {isa = PBXFileReference; fileEncoding = 4; lastKnownFileType = sourcecode.cpp.cpp; path = PerspectivePassthroughShader.cpp; sourceTree = "<group>"; };
		029D104218A25BD7009BC5DE /* PerspectivePassthroughShader.h */ = {isa = PBXFileReference; fileEncoding = 4; lastKnownFileType = sourcecode.c.h; path = PerspectivePassthroughShader.h; sourceTree = "<group>"; };
		029D104418A26248009BC5DE /* DeferredLightingPass.cpp */ = {isa = PBXFileReference; fileEncoding = 4; lastKnownFileType = sourcecode.cpp.cpp; path = DeferredLightingPass.cpp; sourceTree = "<group>"; };
		029D104518A26248009BC5DE /* DeferredLightingPass.h */ = {isa = PBXFileReference; fileEncoding = 4; lastKnownFileType = sourcecode.c.h; path = DeferredLightingPass.h; sourceTree = "<group>"; };
		02A467A018A3E712002B4164 /* Light.cpp */ = {isa = PBXFileReference; fileEncoding = 4; lastKnownFileType = sourcecode.cpp.cpp; path = Light.cpp; sourceTree = "<group>"; };
		02A467A118A3E712002B4164 /* Light.h */ = {isa = PBXFileReference; fileEncoding = 4; lastKnownFileType = sourcecode.c.h; path = Light.h; sourceTree = "<group>"; };
		02C8ACE6189FABE7002DC3C6 /* MeshLoader.h */ = {isa = PBXFileReference; lastKnownFileType = sourcecode.c.h; path = MeshLoader.h; sourceTree = "<group>"; };
		02C8ACE7189FAE67002DC3C6 /* MeshLoader.cpp */ = {isa = PBXFileReference; fileEncoding = 4; lastKnownFileType = sourcecode.cpp.cpp; path = MeshLoader.cpp; sourceTree = "<group>"; };
		02C8ACE9189FD467002DC3C6 /* passthrough.fs */ = {isa = PBXFileReference; fileEncoding = 4; lastKnownFileType = sourcecode.glsl; path = passthrough.fs; sourceTree = "<group>"; };
		02C8ACEA189FD4F3002DC3C6 /* PassthroughShader.h */ = {isa = PBXFileReference; lastKnownFileType = sourcecode.c.h; path = PassthroughShader.h; sourceTree = "<group>"; };
		02C8ACEB189FD501002DC3C6 /* PassthroughShader.cpp */ = {isa = PBXFileReference; fileEncoding = 4; lastKnownFileType = sourcecode.cpp.cpp; path = PassthroughShader.cpp; sourceTree = "<group>"; };
		02C9108D18A10ED7004A6C91 /* DepthAttachment.cpp */ = {isa = PBXFileReference; fileEncoding = 4; lastKnownFileType = sourcecode.cpp.cpp; path = DepthAttachment.cpp; sourceTree = "<group>"; };
		02C9108E18A10ED7004A6C91 /* DepthAttachment.h */ = {isa = PBXFileReference; fileEncoding = 4; lastKnownFileType = sourcecode.c.h; path = DepthAttachment.h; sourceTree = "<group>"; };
		02CB52C718A12F6600083115 /* ColorAttachment.cpp */ = {isa = PBXFileReference; fileEncoding = 4; lastKnownFileType = sourcecode.cpp.cpp; path = ColorAttachment.cpp; sourceTree = "<group>"; };
		02CB52C818A12F6600083115 /* ColorAttachment.h */ = {isa = PBXFileReference; fileEncoding = 4; lastKnownFileType = sourcecode.c.h; path = ColorAttachment.h; sourceTree = "<group>"; };
		02CB52CA18A19E8A00083115 /* LightProperties.h */ = {isa = PBXFileReference; lastKnownFileType = sourcecode.c.h; path = LightProperties.h; sourceTree = "<group>"; };
		02CB52CB18A24A1E00083115 /* DepthBuffer.cpp */ = {isa = PBXFileReference; fileEncoding = 4; lastKnownFileType = sourcecode.cpp.cpp; path = DepthBuffer.cpp; sourceTree = "<group>"; };
		02CB52CC18A24A1E00083115 /* DepthBuffer.h */ = {isa = PBXFileReference; fileEncoding = 4; lastKnownFileType = sourcecode.c.h; path = DepthBuffer.h; sourceTree = "<group>"; };
		02CB52CE18A2564800083115 /* DepthPass.cpp */ = {isa = PBXFileReference; fileEncoding = 4; lastKnownFileType = sourcecode.cpp.cpp; path = DepthPass.cpp; sourceTree = "<group>"; };
		02CB52CF18A2564800083115 /* DepthPass.h */ = {isa = PBXFileReference; fileEncoding = 4; lastKnownFileType = sourcecode.c.h; path = DepthPass.h; sourceTree = "<group>"; };
		02CEA18A18A2C80300D026F8 /* ShadowPass.cpp */ = {isa = PBXFileReference; fileEncoding = 4; lastKnownFileType = sourcecode.cpp.cpp; path = ShadowPass.cpp; sourceTree = "<group>"; };
		02CEA18B18A2C80300D026F8 /* ShadowPass.h */ = {isa = PBXFileReference; fileEncoding = 4; lastKnownFileType = sourcecode.c.h; path = ShadowPass.h; sourceTree = "<group>"; };
		02D0DDB5189DB42F00CC1BE6 /* deferred_phong.fs */ = {isa = PBXFileReference; fileEncoding = 4; lastKnownFileType = sourcecode.glsl; path = deferred_phong.fs; sourceTree = "<group>"; };
		02D0DDB7189DB4B000CC1BE6 /* DeferredPhongShader.h */ = {isa = PBXFileReference; lastKnownFileType = sourcecode.c.h; path = DeferredPhongShader.h; sourceTree = "<group>"; };
		02D0DDB8189DB53100CC1BE6 /* DeferredPhongShader.cpp */ = {isa = PBXFileReference; fileEncoding = 4; lastKnownFileType = sourcecode.cpp.cpp; path = DeferredPhongShader.cpp; sourceTree = "<group>"; };
		02DB27F8189B2CCC0055B56F /* GLModelViewer */ = {isa = PBXFileReference; explicitFileType = "compiled.mach-o.executable"; includeInIndex = 0; path = GLModelViewer; sourceTree = BUILT_PRODUCTS_DIR; };
		02DB27FD189B2CCC0055B56F /* GLModelViewer.1 */ = {isa = PBXFileReference; lastKnownFileType = text.man; path = GLModelViewer.1; sourceTree = "<group>"; };
		02DB2804189B2CE00055B56F /* blur_shader.fs */ = {isa = PBXFileReference; fileEncoding = 4; lastKnownFileType = sourcecode.glsl; path = blur_shader.fs; sourceTree = "<group>"; };
		02DB2805189B2CE00055B56F /* BlurShader.cpp */ = {isa = PBXFileReference; fileEncoding = 4; lastKnownFileType = sourcecode.cpp.cpp; path = BlurShader.cpp; sourceTree = "<group>"; };
		02DB2806189B2CE00055B56F /* BlurShader.h */ = {isa = PBXFileReference; fileEncoding = 4; lastKnownFileType = sourcecode.c.h; path = BlurShader.h; sourceTree = "<group>"; };
		02DB2807189B2CE00055B56F /* Constants.h */ = {isa = PBXFileReference; fileEncoding = 4; lastKnownFileType = sourcecode.c.h; path = Constants.h; sourceTree = "<group>"; };
		02DB2808189B2CE00055B56F /* FrameBuffer.cpp */ = {isa = PBXFileReference; fileEncoding = 4; lastKnownFileType = sourcecode.cpp.cpp; path = FrameBuffer.cpp; sourceTree = "<group>"; };
		02DB2809189B2CE00055B56F /* FrameBuffer.h */ = {isa = PBXFileReference; fileEncoding = 4; lastKnownFileType = sourcecode.c.h; path = FrameBuffer.h; sourceTree = "<group>"; };
		02DB290A189B2CE10055B56F /* main.cpp */ = {isa = PBXFileReference; fileEncoding = 4; lastKnownFileType = sourcecode.cpp.cpp; path = main.cpp; sourceTree = "<group>"; };
		02DB290B189B2CE10055B56F /* Material.h */ = {isa = PBXFileReference; fileEncoding = 4; lastKnownFileType = sourcecode.c.h; path = Material.h; sourceTree = "<group>"; };
		02DB290C189B2CE10055B56F /* Mesh.cpp */ = {isa = PBXFileReference; fileEncoding = 4; lastKnownFileType = sourcecode.cpp.cpp; path = Mesh.cpp; sourceTree = "<group>"; };
		02DB290D189B2CE10055B56F /* Mesh.h */ = {isa = PBXFileReference; fileEncoding = 4; lastKnownFileType = sourcecode.c.h; path = Mesh.h; sourceTree = "<group>"; };
		02DB290E189B2CE10055B56F /* ModelViewer.1 */ = {isa = PBXFileReference; fileEncoding = 4; lastKnownFileType = text.man; path = ModelViewer.1; sourceTree = "<group>"; };
		02DB290F189B2CE10055B56F /* OFFReader.cpp */ = {isa = PBXFileReference; fileEncoding = 4; lastKnownFileType = sourcecode.cpp.cpp; path = OFFReader.cpp; sourceTree = "<group>"; };
		02DB2910189B2CE10055B56F /* OFFReader.h */ = {isa = PBXFileReference; fileEncoding = 4; lastKnownFileType = sourcecode.c.h; path = OFFReader.h; sourceTree = "<group>"; };
		02DB2911189B2CE10055B56F /* passthrough.vs */ = {isa = PBXFileReference; fileEncoding = 4; lastKnownFileType = sourcecode.glsl; path = passthrough.vs; sourceTree = "<group>"; };
		02DB2912189B2CE10055B56F /* SceneNode.cpp */ = {isa = PBXFileReference; fileEncoding = 4; lastKnownFileType = sourcecode.cpp.cpp; path = SceneNode.cpp; sourceTree = "<group>"; };
		02DB2913189B2CE10055B56F /* SceneNode.h */ = {isa = PBXFileReference; fileEncoding = 4; lastKnownFileType = sourcecode.c.h; path = SceneNode.h; sourceTree = "<group>"; };
		02DB2914189B2CE10055B56F /* SceneRenderer.cpp */ = {isa = PBXFileReference; fileEncoding = 4; lastKnownFileType = sourcecode.cpp.cpp; path = SceneRenderer.cpp; sourceTree = "<group>"; };
		02DB2915189B2CE10055B56F /* SceneRenderer.h */ = {isa = PBXFileReference; fileEncoding = 4; lastKnownFileType = sourcecode.c.h; path = SceneRenderer.h; sourceTree = "<group>"; };
		02DB2916189B2CE10055B56F /* Shader.cpp */ = {isa = PBXFileReference; fileEncoding = 4; lastKnownFileType = sourcecode.cpp.cpp; path = Shader.cpp; sourceTree = "<group>"; };
		02DB2917189B2CE10055B56F /* Shader.h */ = {isa = PBXFileReference; fileEncoding = 4; lastKnownFileType = sourcecode.c.h; path = Shader.h; sourceTree = "<group>"; };
		02DB2918189B2CE10055B56F /* ShaderLoader.cpp */ = {isa = PBXFileReference; fileEncoding = 4; lastKnownFileType = sourcecode.cpp.cpp; path = ShaderLoader.cpp; sourceTree = "<group>"; };
		02DB2919189B2CE10055B56F /* ShaderLoader.h */ = {isa = PBXFileReference; fileEncoding = 4; lastKnownFileType = sourcecode.c.h; path = ShaderLoader.h; sourceTree = "<group>"; };
		02DB291A189B2CE10055B56F /* phong_shader.fs */ = {isa = PBXFileReference; fileEncoding = 4; lastKnownFileType = sourcecode.glsl; path = phong_shader.fs; sourceTree = "<group>"; };
		02DB291B189B2CE10055B56F /* phong_shader.vs */ = {isa = PBXFileReference; fileEncoding = 4; lastKnownFileType = sourcecode.glsl; path = phong_shader.vs; sourceTree = "<group>"; };
		02DB291E189B2CE10055B56F /* PhongShader.cpp */ = {isa = PBXFileReference; fileEncoding = 4; lastKnownFileType = sourcecode.cpp.cpp; path = PhongShader.cpp; sourceTree = "<group>"; };
		02DB291F189B2CE10055B56F /* PhongShader.h */ = {isa = PBXFileReference; fileEncoding = 4; lastKnownFileType = sourcecode.c.h; path = PhongShader.h; sourceTree = "<group>"; };
		02DB2920189B2CE10055B56F /* UnitQuad.cpp */ = {isa = PBXFileReference; fileEncoding = 4; lastKnownFileType = sourcecode.cpp.cpp; path = UnitQuad.cpp; sourceTree = "<group>"; };
		02DB2921189B2CE10055B56F /* UnitQuad.h */ = {isa = PBXFileReference; fileEncoding = 4; lastKnownFileType = sourcecode.c.h; path = UnitQuad.h; sourceTree = "<group>"; };
		02DB2934189B2F2E0055B56F /* OpenGL.framework */ = {isa = PBXFileReference; lastKnownFileType = wrapper.framework; name = OpenGL.framework; path = System/Library/Frameworks/OpenGL.framework; sourceTree = SDKROOT; };
		02DB2936189B2F510055B56F /* libglfw3.3.0.dylib */ = {isa = PBXFileReference; lastKnownFileType = "compiled.mach-o.dylib"; name = libglfw3.3.0.dylib; path = ../../../../../usr/local/Cellar/glfw3/3.0.3/lib/libglfw3.3.0.dylib; sourceTree = "<group>"; };
		02DB2938189B2F650055B56F /* libGLEW.1.10.0.dylib */ = {isa = PBXFileReference; lastKnownFileType = "compiled.mach-o.dylib"; name = libGLEW.1.10.0.dylib; path = ../../../../../usr/local/Cellar/glew/1.10.0/lib/libGLEW.1.10.0.dylib; sourceTree = "<group>"; };
		02DB293A189BB8E30055B56F /* RenderPass.h */ = {isa = PBXFileReference; lastKnownFileType = sourcecode.c.h; path = RenderPass.h; sourceTree = "<group>"; };
		02DB293C189BBADA0055B56F /* BlurPass.h */ = {isa = PBXFileReference; lastKnownFileType = sourcecode.c.h; path = BlurPass.h; sourceTree = "<group>"; };
		02DB293D189BBB0E0055B56F /* BlurPass.cpp */ = {isa = PBXFileReference; fileEncoding = 4; lastKnownFileType = sourcecode.cpp.cpp; path = BlurPass.cpp; sourceTree = "<group>"; };
		02DB2944189C5CC40055B56F /* geometry.vs */ = {isa = PBXFileReference; fileEncoding = 4; lastKnownFileType = sourcecode.glsl; path = geometry.vs; sourceTree = "<group>"; };
		02DB2946189C5CD30055B56F /* geometry.fs */ = {isa = PBXFileReference; fileEncoding = 4; lastKnownFileType = sourcecode.glsl; path = geometry.fs; sourceTree = "<group>"; };
		02DB2948189C62D20055B56F /* GeometryShader.h */ = {isa = PBXFileReference; lastKnownFileType = sourcecode.c.h; path = GeometryShader.h; sourceTree = "<group>"; };
		02DB2949189C64130055B56F /* GeometryShader.cpp */ = {isa = PBXFileReference; fileEncoding = 4; lastKnownFileType = sourcecode.cpp.cpp; path = GeometryShader.cpp; sourceTree = "<group>"; };
		02DB294B189D25520055B56F /* GeometryPass.h */ = {isa = PBXFileReference; lastKnownFileType = sourcecode.c.h; path = GeometryPass.h; sourceTree = "<group>"; };
		02DB294C189D283F0055B56F /* GeometryPass.cpp */ = {isa = PBXFileReference; fileEncoding = 4; lastKnownFileType = sourcecode.cpp.cpp; path = GeometryPass.cpp; sourceTree = "<group>"; };
/* End PBXFileReference section */

/* Begin PBXFrameworksBuildPhase section */
		02DB27F5189B2CCC0055B56F /* Frameworks */ = {
			isa = PBXFrameworksBuildPhase;
			buildActionMask = 2147483647;
			files = (
				02DB2939189B2F650055B56F /* libGLEW.1.10.0.dylib in Frameworks */,
				02DB2937189B2F510055B56F /* libglfw3.3.0.dylib in Frameworks */,
				02DB2935189B2F2E0055B56F /* OpenGL.framework in Frameworks */,
			);
			runOnlyForDeploymentPostprocessing = 0;
		};
/* End PBXFrameworksBuildPhase section */

/* Begin PBXGroup section */
		0278163C189FE08100770AD9 /* buffers */ = {
			isa = PBXGroup;
			children = (
				02DB2808189B2CE00055B56F /* FrameBuffer.cpp */,
				02DB2809189B2CE00055B56F /* FrameBuffer.h */,
				02652E39189FECF3003C9868 /* ColorBuffer.cpp */,
				02652E3A189FECF3003C9868 /* ColorBuffer.h */,
				027ACB2B189FEE5000B52103 /* GBuffer.cpp */,
				027ACB2C189FEE5000B52103 /* GBuffer.h */,
				02CB52CB18A24A1E00083115 /* DepthBuffer.cpp */,
				02CB52CC18A24A1E00083115 /* DepthBuffer.h */,
				02C9108D18A10ED7004A6C91 /* DepthAttachment.cpp */,
				02C9108E18A10ED7004A6C91 /* DepthAttachment.h */,
				02CB52C718A12F6600083115 /* ColorAttachment.cpp */,
				02CB52C818A12F6600083115 /* ColorAttachment.h */,
			);
			name = buffers;
			sourceTree = "<group>";
		};
		02CEA18918A2733800D026F8 /* passthroughs */ = {
			isa = PBXGroup;
			children = (
				02DB2911189B2CE10055B56F /* passthrough.vs */,
				02C8ACE9189FD467002DC3C6 /* passthrough.fs */,
				029D103F18A25B92009BC5DE /* perspective_passthrough.fs */,
				029D103D18A25B84009BC5DE /* perspective_passthrough.vs */,
			);
			name = passthroughs;
			sourceTree = "<group>";
		};
		02D0DDB1189DAFC400CC1BE6 /* scene */ = {
			isa = PBXGroup;
			children = (
				02DB2912189B2CE10055B56F /* SceneNode.cpp */,
				02DB2913189B2CE10055B56F /* SceneNode.h */,
				02DB2914189B2CE10055B56F /* SceneRenderer.cpp */,
				02DB2915189B2CE10055B56F /* SceneRenderer.h */,
			);
			name = scene;
			sourceTree = "<group>";
		};
		02D0DDB2189DAFD200CC1BE6 /* mesh */ = {
			isa = PBXGroup;
			children = (
				02C8ACE7189FAE67002DC3C6 /* MeshLoader.cpp */,
				02C8ACE6189FABE7002DC3C6 /* MeshLoader.h */,
				02DB290C189B2CE10055B56F /* Mesh.cpp */,
				02DB290D189B2CE10055B56F /* Mesh.h */,
				02DB290F189B2CE10055B56F /* OFFReader.cpp */,
				02DB2910189B2CE10055B56F /* OFFReader.h */,
				02DB2920189B2CE10055B56F /* UnitQuad.cpp */,
				02DB2921189B2CE10055B56F /* UnitQuad.h */,
			);
			name = mesh;
			sourceTree = "<group>";
		};
		02D0DDB3189DB01800CC1BE6 /* passes */ = {
			isa = PBXGroup;
			children = (
				02DB293A189BB8E30055B56F /* RenderPass.h */,
				02DB293C189BBADA0055B56F /* BlurPass.h */,
				02DB293D189BBB0E0055B56F /* BlurPass.cpp */,
				02DB294B189D25520055B56F /* GeometryPass.h */,
				02DB294C189D283F0055B56F /* GeometryPass.cpp */,
				02CB52CF18A2564800083115 /* DepthPass.h */,
				02CB52CE18A2564800083115 /* DepthPass.cpp */,
				029D104418A26248009BC5DE /* DeferredLightingPass.cpp */,
				029D104518A26248009BC5DE /* DeferredLightingPass.h */,
				02CEA18A18A2C80300D026F8 /* ShadowPass.cpp */,
				02CEA18B18A2C80300D026F8 /* ShadowPass.h */,
			);
			name = passes;
			sourceTree = "<group>";
		};
		02D0DDB4189DB01F00CC1BE6 /* rendering */ = {
			isa = PBXGroup;
			children = (
				0278163C189FE08100770AD9 /* buffers */,
				02DB293B189BBA090055B56F /* shaders */,
				02D0DDB2189DAFD200CC1BE6 /* mesh */,
				02D0DDB1189DAFC400CC1BE6 /* scene */,
				02D0DDB3189DB01800CC1BE6 /* passes */,
			);
			name = rendering;
			sourceTree = "<group>";
		};
		02DB27EF189B2CCC0055B56F = {
			isa = PBXGroup;
			children = (
				02DB2938189B2F650055B56F /* libGLEW.1.10.0.dylib */,
				02DB2936189B2F510055B56F /* libglfw3.3.0.dylib */,
				02DB2934189B2F2E0055B56F /* OpenGL.framework */,
				02DB27FA189B2CCC0055B56F /* GLModelViewer */,
				02DB27F9189B2CCC0055B56F /* Products */,
			);
			sourceTree = "<group>";
		};
		02DB27F9189B2CCC0055B56F /* Products */ = {
			isa = PBXGroup;
			children = (
				02DB27F8189B2CCC0055B56F /* GLModelViewer */,
			);
			name = Products;
			sourceTree = "<group>";
		};
		02DB27FA189B2CCC0055B56F /* GLModelViewer */ = {
			isa = PBXGroup;
			children = (
				02D0DDB4189DB01F00CC1BE6 /* rendering */,
				02DB2807189B2CE00055B56F /* Constants.h */,
				02DB290A189B2CE10055B56F /* main.cpp */,
				02DB290B189B2CE10055B56F /* Material.h */,
				02CB52CA18A19E8A00083115 /* LightProperties.h */,
				02DB290E189B2CE10055B56F /* ModelViewer.1 */,
				02DB27FD189B2CCC0055B56F /* GLModelViewer.1 */,
				02A467A018A3E712002B4164 /* Light.cpp */,
				02A467A118A3E712002B4164 /* Light.h */,
			);
			path = GLModelViewer;
			sourceTree = "<group>";
		};
		02DB293B189BBA090055B56F /* shaders */ = {
			isa = PBXGroup;
			children = (
				02DB293F189BD04B0055B56F /* glsl */,
				02DB2916189B2CE10055B56F /* Shader.cpp */,
				02DB2917189B2CE10055B56F /* Shader.h */,
				02DB2918189B2CE10055B56F /* ShaderLoader.cpp */,
				02DB2919189B2CE10055B56F /* ShaderLoader.h */,
				02DB291E189B2CE10055B56F /* PhongShader.cpp */,
				02DB291F189B2CE10055B56F /* PhongShader.h */,
				02DB2805189B2CE00055B56F /* BlurShader.cpp */,
				02DB2806189B2CE00055B56F /* BlurShader.h */,
				02DB2949189C64130055B56F /* GeometryShader.cpp */,
				02DB2948189C62D20055B56F /* GeometryShader.h */,
				02D0DDB7189DB4B000CC1BE6 /* DeferredPhongShader.h */,
				02D0DDB8189DB53100CC1BE6 /* DeferredPhongShader.cpp */,
				02C8ACEA189FD4F3002DC3C6 /* PassthroughShader.h */,
				02C8ACEB189FD501002DC3C6 /* PassthroughShader.cpp */,
				029D104118A25BD7009BC5DE /* PerspectivePassthroughShader.cpp */,
				029D104218A25BD7009BC5DE /* PerspectivePassthroughShader.h */,
			);
			name = shaders;
			sourceTree = "<group>";
		};
		02DB293F189BD04B0055B56F /* glsl */ = {
			isa = PBXGroup;
			children = (
				02CEA18918A2733800D026F8 /* passthroughs */,
				02DB2941189C49E10055B56F /* phong */,
				02DB2804189B2CE00055B56F /* blur_shader.fs */,
				02DB2944189C5CC40055B56F /* geometry.vs */,
				02DB2946189C5CD30055B56F /* geometry.fs */,
			);
			name = glsl;
			sourceTree = "<group>";
		};
		02DB2941189C49E10055B56F /* phong */ = {
			isa = PBXGroup;
			children = (
				02DB291B189B2CE10055B56F /* phong_shader.vs */,
				02DB291A189B2CE10055B56F /* phong_shader.fs */,
				02D0DDB5189DB42F00CC1BE6 /* deferred_phong.fs */,
			);
			name = phong;
			sourceTree = "<group>";
		};
/* End PBXGroup section */

/* Begin PBXNativeTarget section */
		02DB27F7189B2CCC0055B56F /* GLModelViewer */ = {
			isa = PBXNativeTarget;
			buildConfigurationList = 02DB2801189B2CCC0055B56F /* Build configuration list for PBXNativeTarget "GLModelViewer" */;
			buildPhases = (
				02DB27F4189B2CCC0055B56F /* Sources */,
				02DB27F5189B2CCC0055B56F /* Frameworks */,
				02DB27F6189B2CCC0055B56F /* CopyFiles */,
			);
			buildRules = (
			);
			dependencies = (
			);
			name = GLModelViewer;
			productName = GLModelViewer;
			productReference = 02DB27F8189B2CCC0055B56F /* GLModelViewer */;
			productType = "com.apple.product-type.tool";
		};
/* End PBXNativeTarget section */

/* Begin PBXProject section */
		02DB27F0189B2CCC0055B56F /* Project object */ = {
			isa = PBXProject;
			attributes = {
				LastUpgradeCheck = 0500;
				ORGANIZATIONNAME = "Mattias Bergström";
			};
			buildConfigurationList = 02DB27F3189B2CCC0055B56F /* Build configuration list for PBXProject "GLModelViewer" */;
			compatibilityVersion = "Xcode 3.2";
			developmentRegion = English;
			hasScannedForEncodings = 0;
			knownRegions = (
				en,
			);
			mainGroup = 02DB27EF189B2CCC0055B56F;
			productRefGroup = 02DB27F9189B2CCC0055B56F /* Products */;
			projectDirPath = "";
			projectRoot = "";
			targets = (
				02DB27F7189B2CCC0055B56F /* GLModelViewer */,
			);
		};
/* End PBXProject section */

/* Begin PBXSourcesBuildPhase section */
		02DB27F4189B2CCC0055B56F /* Sources */ = {
			isa = PBXSourcesBuildPhase;
			buildActionMask = 2147483647;
			files = (
				02DB2922189B2CE10055B56F /* blur_shader.fs in Sources */,
				027ACB2D189FEE5000B52103 /* GBuffer.cpp in Sources */,
				02652E3B189FECF3003C9868 /* ColorBuffer.cpp in Sources */,
				02DB293E189BBB0E0055B56F /* BlurPass.cpp in Sources */,
				02DB294A189C64130055B56F /* GeometryShader.cpp in Sources */,
				02DB2924189B2CE10055B56F /* FrameBuffer.cpp in Sources */,
				029D104618A26248009BC5DE /* DeferredLightingPass.cpp in Sources */,
				02D0DDB9189DB53100CC1BE6 /* DeferredPhongShader.cpp in Sources */,
				02DB2947189C5CD30055B56F /* geometry.fs in Sources */,
				02CB52D018A2564800083115 /* DepthPass.cpp in Sources */,
				02DB2927189B2CE10055B56F /* main.cpp in Sources */,
				02DB292E189B2CE10055B56F /* ShaderLoader.cpp in Sources */,
				02DB294D189D283F0055B56F /* GeometryPass.cpp in Sources */,
				02DB2932189B2CE10055B56F /* PhongShader.cpp in Sources */,
				02DB2928189B2CE10055B56F /* Mesh.cpp in Sources */,
				02DB2929189B2CE10055B56F /* OFFReader.cpp in Sources */,
				02A467A218A3E712002B4164 /* Light.cpp in Sources */,
				02DB292C189B2CE10055B56F /* SceneRenderer.cpp in Sources */,
				029D104318A25BD7009BC5DE /* PerspectivePassthroughShader.cpp in Sources */,
				02C9108F18A10ED7004A6C91 /* DepthAttachment.cpp in Sources */,
				02DB292B189B2CE10055B56F /* SceneNode.cpp in Sources */,
				029D103E18A25B84009BC5DE /* perspective_passthrough.vs in Sources */,
				02DB2930189B2CE10055B56F /* phong_shader.vs in Sources */,
				02DB2923189B2CE10055B56F /* BlurShader.cpp in Sources */,
				02DB2933189B2CE10055B56F /* UnitQuad.cpp in Sources */,
				02DB292D189B2CE10055B56F /* Shader.cpp in Sources */,
				02DB292A189B2CE10055B56F /* passthrough.vs in Sources */,
				029D104018A25B92009BC5DE /* perspective_passthrough.fs in Sources */,
				02CEA18C18A2C80300D026F8 /* ShadowPass.cpp in Sources */,
				02DB2945189C5CC40055B56F /* geometry.vs in Sources */,
				02C8ACE8189FAE67002DC3C6 /* MeshLoader.cpp in Sources */,
				02DB292F189B2CE10055B56F /* phong_shader.fs in Sources */,
				02CB52C918A12F6600083115 /* ColorAttachment.cpp in Sources */,
				02CB52CD18A24A1E00083115 /* DepthBuffer.cpp in Sources */,
				02D0DDB6189DB42F00CC1BE6 /* deferred_phong.fs in Sources */,
				02C8ACEC189FD501002DC3C6 /* PassthroughShader.cpp in Sources */,
			);
			runOnlyForDeploymentPostprocessing = 0;
		};
/* End PBXSourcesBuildPhase section */

/* Begin XCBuildConfiguration section */
		02DB27FF189B2CCC0055B56F /* Debug */ = {
			isa = XCBuildConfiguration;
			buildSettings = {
				ALWAYS_SEARCH_USER_PATHS = NO;
				CLANG_CXX_LANGUAGE_STANDARD = "gnu++0x";
				CLANG_CXX_LIBRARY = "libc++";
				CLANG_ENABLE_OBJC_ARC = YES;
				CLANG_WARN_BOOL_CONVERSION = YES;
				CLANG_WARN_CONSTANT_CONVERSION = YES;
				CLANG_WARN_DIRECT_OBJC_ISA_USAGE = YES_ERROR;
				CLANG_WARN_EMPTY_BODY = YES;
				CLANG_WARN_ENUM_CONVERSION = YES;
				CLANG_WARN_INT_CONVERSION = YES;
				CLANG_WARN_OBJC_ROOT_CLASS = YES_ERROR;
				CLANG_WARN__DUPLICATE_METHOD_MATCH = YES;
				COPY_PHASE_STRIP = NO;
				GCC_C_LANGUAGE_STANDARD = gnu99;
				GCC_DYNAMIC_NO_PIC = NO;
				GCC_ENABLE_OBJC_EXCEPTIONS = YES;
				GCC_OPTIMIZATION_LEVEL = 0;
				GCC_PREPROCESSOR_DEFINITIONS = (
					"DEBUG=1",
					"$(inherited)",
				);
				GCC_SYMBOLS_PRIVATE_EXTERN = NO;
				GCC_WARN_64_TO_32_BIT_CONVERSION = YES;
				GCC_WARN_ABOUT_RETURN_TYPE = YES_ERROR;
				GCC_WARN_UNDECLARED_SELECTOR = YES;
				GCC_WARN_UNINITIALIZED_AUTOS = YES;
				GCC_WARN_UNUSED_FUNCTION = YES;
				GCC_WARN_UNUSED_VARIABLE = YES;
				MACOSX_DEPLOYMENT_TARGET = 10.9;
				ONLY_ACTIVE_ARCH = YES;
				SDKROOT = macosx;
			};
			name = Debug;
		};
		02DB2800189B2CCC0055B56F /* Release */ = {
			isa = XCBuildConfiguration;
			buildSettings = {
				ALWAYS_SEARCH_USER_PATHS = NO;
				CLANG_CXX_LANGUAGE_STANDARD = "gnu++0x";
				CLANG_CXX_LIBRARY = "libc++";
				CLANG_ENABLE_OBJC_ARC = YES;
				CLANG_WARN_BOOL_CONVERSION = YES;
				CLANG_WARN_CONSTANT_CONVERSION = YES;
				CLANG_WARN_DIRECT_OBJC_ISA_USAGE = YES_ERROR;
				CLANG_WARN_EMPTY_BODY = YES;
				CLANG_WARN_ENUM_CONVERSION = YES;
				CLANG_WARN_INT_CONVERSION = YES;
				CLANG_WARN_OBJC_ROOT_CLASS = YES_ERROR;
				CLANG_WARN__DUPLICATE_METHOD_MATCH = YES;
				COPY_PHASE_STRIP = YES;
				DEBUG_INFORMATION_FORMAT = "dwarf-with-dsym";
				ENABLE_NS_ASSERTIONS = NO;
				GCC_C_LANGUAGE_STANDARD = gnu99;
				GCC_ENABLE_OBJC_EXCEPTIONS = YES;
				GCC_WARN_64_TO_32_BIT_CONVERSION = YES;
				GCC_WARN_ABOUT_RETURN_TYPE = YES_ERROR;
				GCC_WARN_UNDECLARED_SELECTOR = YES;
				GCC_WARN_UNINITIALIZED_AUTOS = YES;
				GCC_WARN_UNUSED_FUNCTION = YES;
				GCC_WARN_UNUSED_VARIABLE = YES;
				MACOSX_DEPLOYMENT_TARGET = 10.9;
				SDKROOT = macosx;
			};
			name = Release;
		};
		02DB2802189B2CCC0055B56F /* Debug */ = {
			isa = XCBuildConfiguration;
			buildSettings = {
				HEADER_SEARCH_PATHS = (
					"$(inherited)",
					/Applications/Xcode.app/Contents/Developer/Toolchains/XcodeDefault.xctoolchain/usr/include,
					"/usr/local/Cellar/glfw3/3.0.3/include/**",
					"/usr/local/Cellar/glew/1.10.0/include/**",
					"/usr/local/Cellar/glm/0.9.4.6/include/**",
				);
				LIBRARY_SEARCH_PATHS = (
					usr/local/Cellar/glfw3/3.0.3/lib,
					/usr/local/Cellar/glew/1.10.0/lib,
					/usr/local/Cellar/glfw3/3.0.3/lib,
				);
				PRODUCT_NAME = "$(TARGET_NAME)";
			};
			name = Debug;
		};
		02DB2803189B2CCC0055B56F /* Release */ = {
			isa = XCBuildConfiguration;
			buildSettings = {
				HEADER_SEARCH_PATHS = (
					"$(inherited)",
					/Applications/Xcode.app/Contents/Developer/Toolchains/XcodeDefault.xctoolchain/usr/include,
					"/usr/local/Cellar/glfw3/3.0.3/include/**",
					"/usr/local/Cellar/glew/1.10.0/include/**",
					"/usr/local/Cellar/glm/0.9.4.6/include/**",
				);
				LIBRARY_SEARCH_PATHS = (
					usr/local/Cellar/glfw3/3.0.3/lib,
					/usr/local/Cellar/glew/1.10.0/lib,
					/usr/local/Cellar/glfw3/3.0.3/lib,
				);
				PRODUCT_NAME = "$(TARGET_NAME)";
			};
			name = Release;
		};
/* End XCBuildConfiguration section */

/* Begin XCConfigurationList section */
		02DB27F3189B2CCC0055B56F /* Build configuration list for PBXProject "GLModelViewer" */ = {
			isa = XCConfigurationList;
			buildConfigurations = (
				02DB27FF189B2CCC0055B56F /* Debug */,
				02DB2800189B2CCC0055B56F /* Release */,
			);
			defaultConfigurationIsVisible = 0;
			defaultConfigurationName = Release;
		};
		02DB2801189B2CCC0055B56F /* Build configuration list for PBXNativeTarget "GLModelViewer" */ = {
			isa = XCConfigurationList;
			buildConfigurations = (
				02DB2802189B2CCC0055B56F /* Debug */,
				02DB2803189B2CCC0055B56F /* Release */,
			);
			defaultConfigurationIsVisible = 0;
			defaultConfigurationName = Release;
		};
/* End XCConfigurationList section */
	};
	rootObject = 02DB27F0189B2CCC0055B56F /* Project object */;
}
